// !$*UTF8*$!
{
	archiveVersion = 1;
	classes = {
	};
	objectVersion = 50;
	objects = {

/* Begin PBXBuildFile section */
		18DEF6A42341DC0F000FBDA4 /* AppDelegate.swift in Sources */ = {isa = PBXBuildFile; fileRef = 18DEF6A32341DC0F000FBDA4 /* AppDelegate.swift */; };
		18DEF6A62341DC0F000FBDA4 /* SceneDelegate.swift in Sources */ = {isa = PBXBuildFile; fileRef = 18DEF6A52341DC0F000FBDA4 /* SceneDelegate.swift */; };
		18DEF6A82341DC0F000FBDA4 /* ViewController.swift in Sources */ = {isa = PBXBuildFile; fileRef = 18DEF6A72341DC0F000FBDA4 /* ViewController.swift */; };
		18DEF6AB2341DC0F000FBDA4 /* Main.storyboard in Resources */ = {isa = PBXBuildFile; fileRef = 18DEF6A92341DC0F000FBDA4 /* Main.storyboard */; };
		18DEF6AD2341DC12000FBDA4 /* Assets.xcassets in Resources */ = {isa = PBXBuildFile; fileRef = 18DEF6AC2341DC12000FBDA4 /* Assets.xcassets */; };
		18DEF6B02341DC12000FBDA4 /* LaunchScreen.storyboard in Resources */ = {isa = PBXBuildFile; fileRef = 18DEF6AE2341DC12000FBDA4 /* LaunchScreen.storyboard */; };
		18DEF6BA2341E331000FBDA4 /* YHDragCard.swift in Sources */ = {isa = PBXBuildFile; fileRef = 18DEF6B92341E331000FBDA4 /* YHDragCard.swift */; };
		18DEF6BD2341E377000FBDA4 /* HorizontalDragViewController.swift in Sources */ = {isa = PBXBuildFile; fileRef = 18DEF6BC2341E377000FBDA4 /* HorizontalDragViewController.swift */; };
		18DEF6BF2342019A000FBDA4 /* VerticalDragViewController.swift in Sources */ = {isa = PBXBuildFile; fileRef = 18DEF6BE2342019A000FBDA4 /* VerticalDragViewController.swift */; };
		18DEF6C12342028B000FBDA4 /* InfiniteLoopDragViewController.swift in Sources */ = {isa = PBXBuildFile; fileRef = 18DEF6C02342028B000FBDA4 /* InfiniteLoopDragViewController.swift */; };
		8558983F23A67D4D0050A8D2 /* NextViewController.swift in Sources */ = {isa = PBXBuildFile; fileRef = 8558983E23A67D4D0050A8D2 /* NextViewController.swift */; };
/* End PBXBuildFile section */

/* Begin PBXFileReference section */
		18DEF6A02341DC0F000FBDA4 /* YHDragCard-Swift.app */ = {isa = PBXFileReference; explicitFileType = wrapper.application; includeInIndex = 0; path = "YHDragCard-Swift.app"; sourceTree = BUILT_PRODUCTS_DIR; };
		18DEF6A32341DC0F000FBDA4 /* AppDelegate.swift */ = {isa = PBXFileReference; lastKnownFileType = sourcecode.swift; path = AppDelegate.swift; sourceTree = "<group>"; };
		18DEF6A52341DC0F000FBDA4 /* SceneDelegate.swift */ = {isa = PBXFileReference; lastKnownFileType = sourcecode.swift; path = SceneDelegate.swift; sourceTree = "<group>"; };
		18DEF6A72341DC0F000FBDA4 /* ViewController.swift */ = {isa = PBXFileReference; lastKnownFileType = sourcecode.swift; path = ViewController.swift; sourceTree = "<group>"; };
		18DEF6AA2341DC0F000FBDA4 /* Base */ = {isa = PBXFileReference; lastKnownFileType = file.storyboard; name = Base; path = Base.lproj/Main.storyboard; sourceTree = "<group>"; };
		18DEF6AC2341DC12000FBDA4 /* Assets.xcassets */ = {isa = PBXFileReference; lastKnownFileType = folder.assetcatalog; path = Assets.xcassets; sourceTree = "<group>"; };
		18DEF6AF2341DC12000FBDA4 /* Base */ = {isa = PBXFileReference; lastKnownFileType = file.storyboard; name = Base; path = Base.lproj/LaunchScreen.storyboard; sourceTree = "<group>"; };
		18DEF6B12341DC12000FBDA4 /* Info.plist */ = {isa = PBXFileReference; lastKnownFileType = text.plist.xml; path = Info.plist; sourceTree = "<group>"; };
		18DEF6B92341E331000FBDA4 /* YHDragCard.swift */ = {isa = PBXFileReference; fileEncoding = 4; lastKnownFileType = sourcecode.swift; path = YHDragCard.swift; sourceTree = "<group>"; };
		18DEF6BC2341E377000FBDA4 /* HorizontalDragViewController.swift */ = {isa = PBXFileReference; lastKnownFileType = sourcecode.swift; path = HorizontalDragViewController.swift; sourceTree = "<group>"; };
		18DEF6BE2342019A000FBDA4 /* VerticalDragViewController.swift */ = {isa = PBXFileReference; lastKnownFileType = sourcecode.swift; path = VerticalDragViewController.swift; sourceTree = "<group>"; };
		18DEF6C02342028B000FBDA4 /* InfiniteLoopDragViewController.swift */ = {isa = PBXFileReference; lastKnownFileType = sourcecode.swift; path = InfiniteLoopDragViewController.swift; sourceTree = "<group>"; };
		8558983E23A67D4D0050A8D2 /* NextViewController.swift */ = {isa = PBXFileReference; lastKnownFileType = sourcecode.swift; path = NextViewController.swift; sourceTree = "<group>"; };
/* End PBXFileReference section */

/* Begin PBXFrameworksBuildPhase section */
		18DEF69D2341DC0F000FBDA4 /* Frameworks */ = {
			isa = PBXFrameworksBuildPhase;
			buildActionMask = 2147483647;
			files = (
			);
			runOnlyForDeploymentPostprocessing = 0;
		};
/* End PBXFrameworksBuildPhase section */

/* Begin PBXGroup section */
		18DEF6972341DC0F000FBDA4 = {
			isa = PBXGroup;
			children = (
				18DEF6A22341DC0F000FBDA4 /* YHDragCard-Swift */,
				18DEF6A12341DC0F000FBDA4 /* Products */,
			);
			sourceTree = "<group>";
		};
		18DEF6A12341DC0F000FBDA4 /* Products */ = {
			isa = PBXGroup;
			children = (
				18DEF6A02341DC0F000FBDA4 /* YHDragCard-Swift.app */,
			);
			name = Products;
			sourceTree = "<group>";
		};
		18DEF6A22341DC0F000FBDA4 /* YHDragCard-Swift */ = {
			isa = PBXGroup;
			children = (
				18DEF6A32341DC0F000FBDA4 /* AppDelegate.swift */,
				18DEF6A52341DC0F000FBDA4 /* SceneDelegate.swift */,
				18DEF6A72341DC0F000FBDA4 /* ViewController.swift */,
				18DEF6BC2341E377000FBDA4 /* HorizontalDragViewController.swift */,
				18DEF6BE2342019A000FBDA4 /* VerticalDragViewController.swift */,
				18DEF6C02342028B000FBDA4 /* InfiniteLoopDragViewController.swift */,
				8558983E23A67D4D0050A8D2 /* NextViewController.swift */,
				18DEF6B82341E31C000FBDA4 /* Sources */,
				18DEF6A92341DC0F000FBDA4 /* Main.storyboard */,
				18DEF6AC2341DC12000FBDA4 /* Assets.xcassets */,
				18DEF6AE2341DC12000FBDA4 /* LaunchScreen.storyboard */,
				18DEF6B12341DC12000FBDA4 /* Info.plist */,
			);
			path = "YHDragCard-Swift";
			sourceTree = "<group>";
		};
		18DEF6B82341E31C000FBDA4 /* Sources */ = {
			isa = PBXGroup;
			children = (
				18DEF6B92341E331000FBDA4 /* YHDragCard.swift */,
			);
			path = Sources;
			sourceTree = "<group>";
		};
/* End PBXGroup section */

/* Begin PBXNativeTarget section */
		18DEF69F2341DC0F000FBDA4 /* YHDragCard-Swift */ = {
			isa = PBXNativeTarget;
			buildConfigurationList = 18DEF6B42341DC12000FBDA4 /* Build configuration list for PBXNativeTarget "YHDragCard-Swift" */;
			buildPhases = (
				18DEF69C2341DC0F000FBDA4 /* Sources */,
				18DEF69D2341DC0F000FBDA4 /* Frameworks */,
				18DEF69E2341DC0F000FBDA4 /* Resources */,
			);
			buildRules = (
			);
			dependencies = (
			);
			name = "YHDragCard-Swift";
			productName = "YHDragCard-Swift";
			productReference = 18DEF6A02341DC0F000FBDA4 /* YHDragCard-Swift.app */;
			productType = "com.apple.product-type.application";
		};
/* End PBXNativeTarget section */

/* Begin PBXProject section */
		18DEF6982341DC0F000FBDA4 /* Project object */ = {
			isa = PBXProject;
			attributes = {
				LastSwiftUpdateCheck = 1100;
				LastUpgradeCheck = 1100;
				ORGANIZATIONNAME = yinhe;
				TargetAttributes = {
					18DEF69F2341DC0F000FBDA4 = {
						CreatedOnToolsVersion = 11.0;
					};
				};
			};
			buildConfigurationList = 18DEF69B2341DC0F000FBDA4 /* Build configuration list for PBXProject "YHDragCard-Swift" */;
			compatibilityVersion = "Xcode 9.3";
			developmentRegion = en;
			hasScannedForEncodings = 0;
			knownRegions = (
				en,
				Base,
			);
			mainGroup = 18DEF6972341DC0F000FBDA4;
			productRefGroup = 18DEF6A12341DC0F000FBDA4 /* Products */;
			projectDirPath = "";
			projectRoot = "";
			targets = (
				18DEF69F2341DC0F000FBDA4 /* YHDragCard-Swift */,
			);
		};
/* End PBXProject section */

/* Begin PBXResourcesBuildPhase section */
		18DEF69E2341DC0F000FBDA4 /* Resources */ = {
			isa = PBXResourcesBuildPhase;
			buildActionMask = 2147483647;
			files = (
				18DEF6B02341DC12000FBDA4 /* LaunchScreen.storyboard in Resources */,
				18DEF6AD2341DC12000FBDA4 /* Assets.xcassets in Resources */,
				18DEF6AB2341DC0F000FBDA4 /* Main.storyboard in Resources */,
			);
			runOnlyForDeploymentPostprocessing = 0;
		};
/* End PBXResourcesBuildPhase section */

/* Begin PBXSourcesBuildPhase section */
		18DEF69C2341DC0F000FBDA4 /* Sources */ = {
			isa = PBXSourcesBuildPhase;
			buildActionMask = 2147483647;
			files = (
				18DEF6BA2341E331000FBDA4 /* YHDragCard.swift in Sources */,
				8558983F23A67D4D0050A8D2 /* NextViewController.swift in Sources */,
				18DEF6A82341DC0F000FBDA4 /* ViewController.swift in Sources */,
				18DEF6C12342028B000FBDA4 /* InfiniteLoopDragViewController.swift in Sources */,
				18DEF6A42341DC0F000FBDA4 /* AppDelegate.swift in Sources */,
				18DEF6A62341DC0F000FBDA4 /* SceneDelegate.swift in Sources */,
				18DEF6BF2342019A000FBDA4 /* VerticalDragViewController.swift in Sources */,
				18DEF6BD2341E377000FBDA4 /* HorizontalDragViewController.swift in Sources */,
			);
			runOnlyForDeploymentPostprocessing = 0;
		};
/* End PBXSourcesBuildPhase section */

/* Begin PBXVariantGroup section */
		18DEF6A92341DC0F000FBDA4 /* Main.storyboard */ = {
			isa = PBXVariantGroup;
			children = (
				18DEF6AA2341DC0F000FBDA4 /* Base */,
			);
			name = Main.storyboard;
			sourceTree = "<group>";
		};
		18DEF6AE2341DC12000FBDA4 /* LaunchScreen.storyboard */ = {
			isa = PBXVariantGroup;
			children = (
				18DEF6AF2341DC12000FBDA4 /* Base */,
			);
			name = LaunchScreen.storyboard;
			sourceTree = "<group>";
		};
/* End PBXVariantGroup section */

/* Begin XCBuildConfiguration section */
		18DEF6B22341DC12000FBDA4 /* Debug */ = {
			isa = XCBuildConfiguration;
			buildSettings = {
				ALWAYS_SEARCH_USER_PATHS = NO;
				CLANG_ANALYZER_NONNULL = YES;
				CLANG_ANALYZER_NUMBER_OBJECT_CONVERSION = YES_AGGRESSIVE;
				CLANG_CXX_LANGUAGE_STANDARD = "gnu++14";
				CLANG_CXX_LIBRARY = "libc++";
				CLANG_ENABLE_MODULES = YES;
				CLANG_ENABLE_OBJC_ARC = YES;
				CLANG_ENABLE_OBJC_WEAK = YES;
				CLANG_WARN_BLOCK_CAPTURE_AUTORELEASING = YES;
				CLANG_WARN_BOOL_CONVERSION = YES;
				CLANG_WARN_COMMA = YES;
				CLANG_WARN_CONSTANT_CONVERSION = YES;
				CLANG_WARN_DEPRECATED_OBJC_IMPLEMENTATIONS = YES;
				CLANG_WARN_DIRECT_OBJC_ISA_USAGE = YES_ERROR;
				CLANG_WARN_DOCUMENTATION_COMMENTS = YES;
				CLANG_WARN_EMPTY_BODY = YES;
				CLANG_WARN_ENUM_CONVERSION = YES;
				CLANG_WARN_INFINITE_RECURSION = YES;
				CLANG_WARN_INT_CONVERSION = YES;
				CLANG_WARN_NON_LITERAL_NULL_CONVERSION = YES;
				CLANG_WARN_OBJC_IMPLICIT_RETAIN_SELF = YES;
				CLANG_WARN_OBJC_LITERAL_CONVERSION = YES;
				CLANG_WARN_OBJC_ROOT_CLASS = YES_ERROR;
				CLANG_WARN_RANGE_LOOP_ANALYSIS = YES;
				CLANG_WARN_STRICT_PROTOTYPES = YES;
				CLANG_WARN_SUSPICIOUS_MOVE = YES;
				CLANG_WARN_UNGUARDED_AVAILABILITY = YES_AGGRESSIVE;
				CLANG_WARN_UNREACHABLE_CODE = YES;
				CLANG_WARN__DUPLICATE_METHOD_MATCH = YES;
				COPY_PHASE_STRIP = NO;
				DEBUG_INFORMATION_FORMAT = dwarf;
				ENABLE_STRICT_OBJC_MSGSEND = YES;
				ENABLE_TESTABILITY = YES;
				GCC_C_LANGUAGE_STANDARD = gnu11;
				GCC_DYNAMIC_NO_PIC = NO;
				GCC_NO_COMMON_BLOCKS = YES;
				GCC_OPTIMIZATION_LEVEL = 0;
				GCC_PREPROCESSOR_DEFINITIONS = (
					"DEBUG=1",
					"$(inherited)",
				);
				GCC_WARN_64_TO_32_BIT_CONVERSION = YES;
				GCC_WARN_ABOUT_RETURN_TYPE = YES_ERROR;
				GCC_WARN_UNDECLARED_SELECTOR = YES;
				GCC_WARN_UNINITIALIZED_AUTOS = YES_AGGRESSIVE;
				GCC_WARN_UNUSED_FUNCTION = YES;
				GCC_WARN_UNUSED_VARIABLE = YES;
				IPHONEOS_DEPLOYMENT_TARGET = 13.0;
				MTL_ENABLE_DEBUG_INFO = INCLUDE_SOURCE;
				MTL_FAST_MATH = YES;
				ONLY_ACTIVE_ARCH = YES;
				SDKROOT = iphoneos;
				SWIFT_ACTIVE_COMPILATION_CONDITIONS = DEBUG;
				SWIFT_OPTIMIZATION_LEVEL = "-Onone";
			};
			name = Debug;
		};
		18DEF6B32341DC12000FBDA4 /* Release */ = {
			isa = XCBuildConfiguration;
			buildSettings = {
				ALWAYS_SEARCH_USER_PATHS = NO;
				CLANG_ANALYZER_NONNULL = YES;
				CLANG_ANALYZER_NUMBER_OBJECT_CONVERSION = YES_AGGRESSIVE;
				CLANG_CXX_LANGUAGE_STANDARD = "gnu++14";
				CLANG_CXX_LIBRARY = "libc++";
				CLANG_ENABLE_MODULES = YES;
				CLANG_ENABLE_OBJC_ARC = YES;
				CLANG_ENABLE_OBJC_WEAK = YES;
				CLANG_WARN_BLOCK_CAPTURE_AUTORELEASING = YES;
				CLANG_WARN_BOOL_CONVERSION = YES;
				CLANG_WARN_COMMA = YES;
				CLANG_WARN_CONSTANT_CONVERSION = YES;
				CLANG_WARN_DEPRECATED_OBJC_IMPLEMENTATIONS = YES;
				CLANG_WARN_DIRECT_OBJC_ISA_USAGE = YES_ERROR;
				CLANG_WARN_DOCUMENTATION_COMMENTS = YES;
				CLANG_WARN_EMPTY_BODY = YES;
				CLANG_WARN_ENUM_CONVERSION = YES;
				CLANG_WARN_INFINITE_RECURSION = YES;
				CLANG_WARN_INT_CONVERSION = YES;
				CLANG_WARN_NON_LITERAL_NULL_CONVERSION = YES;
				CLANG_WARN_OBJC_IMPLICIT_RETAIN_SELF = YES;
				CLANG_WARN_OBJC_LITERAL_CONVERSION = YES;
				CLANG_WARN_OBJC_ROOT_CLASS = YES_ERROR;
				CLANG_WARN_RANGE_LOOP_ANALYSIS = YES;
				CLANG_WARN_STRICT_PROTOTYPES = YES;
				CLANG_WARN_SUSPICIOUS_MOVE = YES;
				CLANG_WARN_UNGUARDED_AVAILABILITY = YES_AGGRESSIVE;
				CLANG_WARN_UNREACHABLE_CODE = YES;
				CLANG_WARN__DUPLICATE_METHOD_MATCH = YES;
				COPY_PHASE_STRIP = NO;
				DEBUG_INFORMATION_FORMAT = "dwarf-with-dsym";
				ENABLE_NS_ASSERTIONS = NO;
				ENABLE_STRICT_OBJC_MSGSEND = YES;
				GCC_C_LANGUAGE_STANDARD = gnu11;
				GCC_NO_COMMON_BLOCKS = YES;
				GCC_WARN_64_TO_32_BIT_CONVERSION = YES;
				GCC_WARN_ABOUT_RETURN_TYPE = YES_ERROR;
				GCC_WARN_UNDECLARED_SELECTOR = YES;
				GCC_WARN_UNINITIALIZED_AUTOS = YES_AGGRESSIVE;
				GCC_WARN_UNUSED_FUNCTION = YES;
				GCC_WARN_UNUSED_VARIABLE = YES;
				IPHONEOS_DEPLOYMENT_TARGET = 13.0;
				MTL_ENABLE_DEBUG_INFO = NO;
				MTL_FAST_MATH = YES;
				SDKROOT = iphoneos;
				SWIFT_COMPILATION_MODE = wholemodule;
				SWIFT_OPTIMIZATION_LEVEL = "-O";
				VALIDATE_PRODUCT = YES;
			};
			name = Release;
		};
		18DEF6B52341DC12000FBDA4 /* Debug */ = {
			isa = XCBuildConfiguration;
			buildSettings = {
				ASSETCATALOG_COMPILER_APPICON_NAME = AppIcon;
				CODE_SIGN_STYLE = Automatic;
				DEVELOPMENT_TEAM = 2E8NVCJR97;
				INFOPLIST_FILE = "YHDragCard-Swift/Info.plist";
				IPHONEOS_DEPLOYMENT_TARGET = 9.0;
				LD_RUNPATH_SEARCH_PATHS = (
					"$(inherited)",
					"@executable_path/Frameworks",
				);
				PRODUCT_BUNDLE_IDENTIFIER = "com.yinhe.YHDragCard-Swift";
				PRODUCT_NAME = "$(TARGET_NAME)";
				SWIFT_VERSION = 5.0;
				TARGETED_DEVICE_FAMILY = 1;
			};
			name = Debug;
		};
		18DEF6B62341DC12000FBDA4 /* Release */ = {
			isa = XCBuildConfiguration;
			buildSettings = {
				ASSETCATALOG_COMPILER_APPICON_NAME = AppIcon;
				CODE_SIGN_STYLE = Automatic;
				DEVELOPMENT_TEAM = 2E8NVCJR97;
				INFOPLIST_FILE = "YHDragCard-Swift/Info.plist";
				IPHONEOS_DEPLOYMENT_TARGET = 9.0;
				LD_RUNPATH_SEARCH_PATHS = (
					"$(inherited)",
					"@executable_path/Frameworks",
				);
				PRODUCT_BUNDLE_IDENTIFIER = "com.yinhe.YHDragCard-Swift";
				PRODUCT_NAME = "$(TARGET_NAME)";
				SWIFT_VERSION = 5.0;
				TARGETED_DEVICE_FAMILY = 1;
			};
			name = Release;
		};
/* End XCBuildConfiguration section */

/* Begin XCConfigurationList section */
		18DEF69B2341DC0F000FBDA4 /* Build configuration list for PBXProject "YHDragCard-Swift" */ = {
			isa = XCConfigurationList;
			buildConfigurations = (
				18DEF6B22341DC12000FBDA4 /* Debug */,
				18DEF6B32341DC12000FBDA4 /* Release */,
			);
			defaultConfigurationIsVisible = 0;
			defaultConfigurationName = Release;
		};
		18DEF6B42341DC12000FBDA4 /* Build configuration list for PBXNativeTarget "YHDragCard-Swift" */ = {
			isa = XCConfigurationList;
			buildConfigurations = (
				18DEF6B52341DC12000FBDA4 /* Debug */,
				18DEF6B62341DC12000FBDA4 /* Release */,
			);
			defaultConfigurationIsVisible = 0;
			defaultConfigurationName = Release;
		};
/* End XCConfigurationList section */
	};
	rootObject = 18DEF6982341DC0F000FBDA4 /* Project object */;
}
