PODS:
  - YHDragCard.swift (1.0.0)

DEPENDENCIES:
  - YHDragCard.swift (from `YHDragCard.swift.podspec`)

EXTERNAL SOURCES:
  YHDragCard.swift:
    :path: YHDragCard.swift.podspec

SPEC CHECKSUMS:
  YHDragCard.swift: 83e72bf903c33ca2feda1bf85b8cf4df359494df

PODFILE CHECKSUM: ca954f974d7da2374273da3e7287fed7872583e9

COCOAPODS: 1.9.3
