PODS:
  - YHDragCard.swift (0.6.4)

DEPENDENCIES:
  - YHDragCard.swift (from `YHDragContainer.podspec`)

EXTERNAL SOURCES:
  YHDragCard.swift:
    :path: YHDragContainer.podspec

SPEC CHECKSUMS:
  YHDragCard.swift: e6ff2d6e3c58ab48de404cc9c8431ca553e28080

PODFILE CHECKSUM: 4504679f7157beee297908d64ff579dde636db4b

COCOAPODS: 1.9.1
