// !$*UTF8*$!
{
	archiveVersion = 1;
	classes = {
	};
	objectVersion = 55;
	objects = {

/* Begin PBXBuildFile section */
		8543B20A272070BE0003AEFA /* NavigationController.swift in Sources */ = {isa = PBXBuildFile; fileRef = 8543B209272070BE0003AEFA /* NavigationController.swift */; };
		85A81964271F085D00822E8C /* Model.swift in Sources */ = {isa = PBXBuildFile; fileRef = 85A81963271F085D00822E8C /* Model.swift */; };
		85A81966271F0B1A00822E8C /* HorizontalDragViewController.swift in Sources */ = {isa = PBXBuildFile; fileRef = 85A81965271F0B1A00822E8C /* HorizontalDragViewController.swift */; };
		85A81968271F0B3800822E8C /* BaseViewController.swift in Sources */ = {isa = PBXBuildFile; fileRef = 85A81967271F0B3800822E8C /* BaseViewController.swift */; };
		B33283B339ECEC1718A57DCE /* Pods_DragCardContainer.framework in Frameworks */ = {isa = PBXBuildFile; fileRef = 9BD01730365DD5BB0C1B5819 /* Pods_DragCardContainer.framework */; };
		BF7C1A57271ECD5100EA13F5 /* AppDelegate.swift in Sources */ = {isa = PBXBuildFile; fileRef = BF7C1A56271ECD5100EA13F5 /* AppDelegate.swift */; };
		BF7C1A5B271ECD5100EA13F5 /* ViewController.swift in Sources */ = {isa = PBXBuildFile; fileRef = BF7C1A5A271ECD5100EA13F5 /* ViewController.swift */; };
		BF7C1A5E271ECD5100EA13F5 /* Main.storyboard in Resources */ = {isa = PBXBuildFile; fileRef = BF7C1A5C271ECD5100EA13F5 /* Main.storyboard */; };
		BF7C1A60271ECD5400EA13F5 /* Assets.xcassets in Resources */ = {isa = PBXBuildFile; fileRef = BF7C1A5F271ECD5400EA13F5 /* Assets.xcassets */; };
		BF7C1A63271ECD5400EA13F5 /* LaunchScreen.storyboard in Resources */ = {isa = PBXBuildFile; fileRef = BF7C1A61271ECD5400EA13F5 /* LaunchScreen.storyboard */; };
		BF7C1A80271ECE2C00EA13F5 /* UIView+Extension.swift in Sources */ = {isa = PBXBuildFile; fileRef = BF7C1A70271ECE2C00EA13F5 /* UIView+Extension.swift */; };
		BF7C1A81271ECE2C00EA13F5 /* DragCardDelegate.swift in Sources */ = {isa = PBXBuildFile; fileRef = BF7C1A71271ECE2C00EA13F5 /* DragCardDelegate.swift */; };
		BF7C1A82271ECE2C00EA13F5 /* DragCardCell.swift in Sources */ = {isa = PBXBuildFile; fileRef = BF7C1A72271ECE2C00EA13F5 /* DragCardCell.swift */; };
		BF7C1A83271ECE2C00EA13F5 /* DragCardCell+Extension.swift in Sources */ = {isa = PBXBuildFile; fileRef = BF7C1A73271ECE2C00EA13F5 /* DragCardCell+Extension.swift */; };
		BF7C1A84271ECE2C00EA13F5 /* DragCardContainer.swift in Sources */ = {isa = PBXBuildFile; fileRef = BF7C1A74271ECE2C00EA13F5 /* DragCardContainer.swift */; };
		BF7C1A85271ECE2C00EA13F5 /* DragCardContainer+PanGesture.swift in Sources */ = {isa = PBXBuildFile; fileRef = BF7C1A75271ECE2C00EA13F5 /* DragCardContainer+PanGesture.swift */; };
		BF7C1A86271ECE2C00EA13F5 /* DragCardContainer+TapGesture.swift in Sources */ = {isa = PBXBuildFile; fileRef = BF7C1A76271ECE2C00EA13F5 /* DragCardContainer+TapGesture.swift */; };
		BF7C1A88271ECE2C00EA13F5 /* DragCardDataSource.swift in Sources */ = {isa = PBXBuildFile; fileRef = BF7C1A78271ECE2C00EA13F5 /* DragCardDataSource.swift */; };
		BF7C1A89271ECE2C00EA13F5 /* DragCardContainer+Fix.swift in Sources */ = {isa = PBXBuildFile; fileRef = BF7C1A79271ECE2C00EA13F5 /* DragCardContainer+Fix.swift */; };
		BF7C1A8A271ECE2C00EA13F5 /* DragCardDirection.swift in Sources */ = {isa = PBXBuildFile; fileRef = BF7C1A7A271ECE2C00EA13F5 /* DragCardDirection.swift */; };
		BF93F834272139F700509746 /* VerticalDragViewController.swift in Sources */ = {isa = PBXBuildFile; fileRef = BF93F833272139F700509746 /* VerticalDragViewController.swift */; };
		BF93F83627213B0D00509746 /* CardCell.swift in Sources */ = {isa = PBXBuildFile; fileRef = BF93F83527213B0D00509746 /* CardCell.swift */; };
		BF93F8382721456600509746 /* InfiniteLoopDragViewController.swift in Sources */ = {isa = PBXBuildFile; fileRef = BF93F8372721456600509746 /* InfiniteLoopDragViewController.swift */; };
		BF93F83A2721478200509746 /* FullFunctionViewController.swift in Sources */ = {isa = PBXBuildFile; fileRef = BF93F8392721478200509746 /* FullFunctionViewController.swift */; };
		BF95ABF1271FEA2B005EB63A /* DetailViewController.swift in Sources */ = {isa = PBXBuildFile; fileRef = BF95ABF0271FEA2B005EB63A /* DetailViewController.swift */; };
		BF95ABF5271FEE16005EB63A /* RegisterTable.swift in Sources */ = {isa = PBXBuildFile; fileRef = BF95ABF4271FEE16005EB63A /* RegisterTable.swift */; };
		BF95ABF7271FEE7F005EB63A /* DragCardProperty.swift in Sources */ = {isa = PBXBuildFile; fileRef = BF95ABF6271FEE7F005EB63A /* DragCardProperty.swift */; };
/* End PBXBuildFile section */

/* Begin PBXFileReference section */
		2644428D5641402797AB892B /* Pods-DragCardContainer.release.xcconfig */ = {isa = PBXFileReference; includeInIndex = 1; lastKnownFileType = text.xcconfig; name = "Pods-DragCardContainer.release.xcconfig"; path = "Target Support Files/Pods-DragCardContainer/Pods-DragCardContainer.release.xcconfig"; sourceTree = "<group>"; };
		700B2F66DB7D76130F011D7D /* Pods-DragCardContainer.debug.xcconfig */ = {isa = PBXFileReference; includeInIndex = 1; lastKnownFileType = text.xcconfig; name = "Pods-DragCardContainer.debug.xcconfig"; path = "Target Support Files/Pods-DragCardContainer/Pods-DragCardContainer.debug.xcconfig"; sourceTree = "<group>"; };
		8543B209272070BE0003AEFA /* NavigationController.swift */ = {isa = PBXFileReference; lastKnownFileType = sourcecode.swift; path = NavigationController.swift; sourceTree = "<group>"; };
		85A81963271F085D00822E8C /* Model.swift */ = {isa = PBXFileReference; lastKnownFileType = sourcecode.swift; path = Model.swift; sourceTree = "<group>"; };
		85A81965271F0B1A00822E8C /* HorizontalDragViewController.swift */ = {isa = PBXFileReference; lastKnownFileType = sourcecode.swift; path = HorizontalDragViewController.swift; sourceTree = "<group>"; };
		85A81967271F0B3800822E8C /* BaseViewController.swift */ = {isa = PBXFileReference; lastKnownFileType = sourcecode.swift; path = BaseViewController.swift; sourceTree = "<group>"; };
		9BD01730365DD5BB0C1B5819 /* Pods_DragCardContainer.framework */ = {isa = PBXFileReference; explicitFileType = wrapper.framework; includeInIndex = 0; path = Pods_DragCardContainer.framework; sourceTree = BUILT_PRODUCTS_DIR; };
		BF7C1A53271ECD5100EA13F5 /* DragCardContainer.app */ = {isa = PBXFileReference; explicitFileType = wrapper.application; includeInIndex = 0; path = DragCardContainer.app; sourceTree = BUILT_PRODUCTS_DIR; };
		BF7C1A56271ECD5100EA13F5 /* AppDelegate.swift */ = {isa = PBXFileReference; lastKnownFileType = sourcecode.swift; path = AppDelegate.swift; sourceTree = "<group>"; };
		BF7C1A5A271ECD5100EA13F5 /* ViewController.swift */ = {isa = PBXFileReference; lastKnownFileType = sourcecode.swift; path = ViewController.swift; sourceTree = "<group>"; };
		BF7C1A5D271ECD5100EA13F5 /* Base */ = {isa = PBXFileReference; lastKnownFileType = file.storyboard; name = Base; path = Base.lproj/Main.storyboard; sourceTree = "<group>"; };
		BF7C1A5F271ECD5400EA13F5 /* Assets.xcassets */ = {isa = PBXFileReference; lastKnownFileType = folder.assetcatalog; path = Assets.xcassets; sourceTree = "<group>"; };
		BF7C1A62271ECD5400EA13F5 /* Base */ = {isa = PBXFileReference; lastKnownFileType = file.storyboard; name = Base; path = Base.lproj/LaunchScreen.storyboard; sourceTree = "<group>"; };
		BF7C1A64271ECD5400EA13F5 /* Info.plist */ = {isa = PBXFileReference; lastKnownFileType = text.plist.xml; path = Info.plist; sourceTree = "<group>"; };
		BF7C1A70271ECE2C00EA13F5 /* UIView+Extension.swift */ = {isa = PBXFileReference; fileEncoding = 4; lastKnownFileType = sourcecode.swift; path = "UIView+Extension.swift"; sourceTree = "<group>"; };
		BF7C1A71271ECE2C00EA13F5 /* DragCardDelegate.swift */ = {isa = PBXFileReference; fileEncoding = 4; lastKnownFileType = sourcecode.swift; path = DragCardDelegate.swift; sourceTree = "<group>"; };
		BF7C1A72271ECE2C00EA13F5 /* DragCardCell.swift */ = {isa = PBXFileReference; fileEncoding = 4; lastKnownFileType = sourcecode.swift; path = DragCardCell.swift; sourceTree = "<group>"; };
		BF7C1A73271ECE2C00EA13F5 /* DragCardCell+Extension.swift */ = {isa = PBXFileReference; fileEncoding = 4; lastKnownFileType = sourcecode.swift; path = "DragCardCell+Extension.swift"; sourceTree = "<group>"; };
		BF7C1A74271ECE2C00EA13F5 /* DragCardContainer.swift */ = {isa = PBXFileReference; fileEncoding = 4; lastKnownFileType = sourcecode.swift; path = DragCardContainer.swift; sourceTree = "<group>"; };
		BF7C1A75271ECE2C00EA13F5 /* DragCardContainer+PanGesture.swift */ = {isa = PBXFileReference; fileEncoding = 4; lastKnownFileType = sourcecode.swift; path = "DragCardContainer+PanGesture.swift"; sourceTree = "<group>"; };
		BF7C1A76271ECE2C00EA13F5 /* DragCardContainer+TapGesture.swift */ = {isa = PBXFileReference; fileEncoding = 4; lastKnownFileType = sourcecode.swift; path = "DragCardContainer+TapGesture.swift"; sourceTree = "<group>"; };
		BF7C1A78271ECE2C00EA13F5 /* DragCardDataSource.swift */ = {isa = PBXFileReference; fileEncoding = 4; lastKnownFileType = sourcecode.swift; path = DragCardDataSource.swift; sourceTree = "<group>"; };
		BF7C1A79271ECE2C00EA13F5 /* DragCardContainer+Fix.swift */ = {isa = PBXFileReference; fileEncoding = 4; lastKnownFileType = sourcecode.swift; path = "DragCardContainer+Fix.swift"; sourceTree = "<group>"; };
		BF7C1A7A271ECE2C00EA13F5 /* DragCardDirection.swift */ = {isa = PBXFileReference; fileEncoding = 4; lastKnownFileType = sourcecode.swift; path = DragCardDirection.swift; sourceTree = "<group>"; };
		BF93F833272139F700509746 /* VerticalDragViewController.swift */ = {isa = PBXFileReference; lastKnownFileType = sourcecode.swift; path = VerticalDragViewController.swift; sourceTree = "<group>"; };
		BF93F83527213B0D00509746 /* CardCell.swift */ = {isa = PBXFileReference; lastKnownFileType = sourcecode.swift; path = CardCell.swift; sourceTree = "<group>"; };
		BF93F8372721456600509746 /* InfiniteLoopDragViewController.swift */ = {isa = PBXFileReference; lastKnownFileType = sourcecode.swift; path = InfiniteLoopDragViewController.swift; sourceTree = "<group>"; };
		BF93F8392721478200509746 /* FullFunctionViewController.swift */ = {isa = PBXFileReference; lastKnownFileType = sourcecode.swift; path = FullFunctionViewController.swift; sourceTree = "<group>"; };
		BF95ABF0271FEA2B005EB63A /* DetailViewController.swift */ = {isa = PBXFileReference; lastKnownFileType = sourcecode.swift; path = DetailViewController.swift; sourceTree = "<group>"; };
		BF95ABF4271FEE16005EB63A /* RegisterTable.swift */ = {isa = PBXFileReference; lastKnownFileType = sourcecode.swift; path = RegisterTable.swift; sourceTree = "<group>"; };
		BF95ABF6271FEE7F005EB63A /* DragCardProperty.swift */ = {isa = PBXFileReference; fileEncoding = 4; lastKnownFileType = sourcecode.swift; path = DragCardProperty.swift; sourceTree = "<group>"; };
/* End PBXFileReference section */

/* Begin PBXFrameworksBuildPhase section */
		BF7C1A50271ECD5100EA13F5 /* Frameworks */ = {
			isa = PBXFrameworksBuildPhase;
			buildActionMask = 2147483647;
			files = (
				B33283B339ECEC1718A57DCE /* Pods_DragCardContainer.framework in Frameworks */,
			);
			runOnlyForDeploymentPostprocessing = 0;
		};
/* End PBXFrameworksBuildPhase section */

/* Begin PBXGroup section */
		85A81962271F080900822E8C /* Demo */ = {
			isa = PBXGroup;
			children = (
				85A81967271F0B3800822E8C /* BaseViewController.swift */,
				BF95ABF0271FEA2B005EB63A /* DetailViewController.swift */,
				BF93F83527213B0D00509746 /* CardCell.swift */,
				85A81965271F0B1A00822E8C /* HorizontalDragViewController.swift */,
				BF93F833272139F700509746 /* VerticalDragViewController.swift */,
				BF93F8372721456600509746 /* InfiniteLoopDragViewController.swift */,
				BF93F8392721478200509746 /* FullFunctionViewController.swift */,
			);
			path = Demo;
			sourceTree = "<group>";
		};
		871F8CF56C0407CCF306B87D /* Frameworks */ = {
			isa = PBXGroup;
			children = (
				9BD01730365DD5BB0C1B5819 /* Pods_DragCardContainer.framework */,
			);
			name = Frameworks;
			sourceTree = "<group>";
		};
		BF7C1A4A271ECD5100EA13F5 = {
			isa = PBXGroup;
			children = (
				85A81962271F080900822E8C /* Demo */,
				BF7C1A6B271ECE2C00EA13F5 /* Sources */,
				BF7C1A55271ECD5100EA13F5 /* DragCardContainer */,
				BF7C1A54271ECD5100EA13F5 /* Products */,
				D3055B5E5021178FD6BC01E2 /* Pods */,
				871F8CF56C0407CCF306B87D /* Frameworks */,
			);
			sourceTree = "<group>";
		};
		BF7C1A54271ECD5100EA13F5 /* Products */ = {
			isa = PBXGroup;
			children = (
				BF7C1A53271ECD5100EA13F5 /* DragCardContainer.app */,
			);
			name = Products;
			sourceTree = "<group>";
		};
		BF7C1A55271ECD5100EA13F5 /* DragCardContainer */ = {
			isa = PBXGroup;
			children = (
				BF7C1A56271ECD5100EA13F5 /* AppDelegate.swift */,
				BF7C1A5A271ECD5100EA13F5 /* ViewController.swift */,
				85A81963271F085D00822E8C /* Model.swift */,
				8543B209272070BE0003AEFA /* NavigationController.swift */,
				BF7C1A5C271ECD5100EA13F5 /* Main.storyboard */,
				BF7C1A5F271ECD5400EA13F5 /* Assets.xcassets */,
				BF7C1A61271ECD5400EA13F5 /* LaunchScreen.storyboard */,
				BF7C1A64271ECD5400EA13F5 /* Info.plist */,
			);
			path = DragCardContainer;
			sourceTree = "<group>";
		};
		BF7C1A6B271ECE2C00EA13F5 /* Sources */ = {
			isa = PBXGroup;
			children = (
				BF7C1A74271ECE2C00EA13F5 /* DragCardContainer.swift */,
				BF95ABF4271FEE16005EB63A /* RegisterTable.swift */,
				BF95ABF6271FEE7F005EB63A /* DragCardProperty.swift */,
				BF7C1A70271ECE2C00EA13F5 /* UIView+Extension.swift */,
				BF7C1A71271ECE2C00EA13F5 /* DragCardDelegate.swift */,
				BF7C1A72271ECE2C00EA13F5 /* DragCardCell.swift */,
				BF7C1A73271ECE2C00EA13F5 /* DragCardCell+Extension.swift */,
				BF7C1A75271ECE2C00EA13F5 /* DragCardContainer+PanGesture.swift */,
				BF7C1A76271ECE2C00EA13F5 /* DragCardContainer+TapGesture.swift */,
				BF7C1A78271ECE2C00EA13F5 /* DragCardDataSource.swift */,
				BF7C1A79271ECE2C00EA13F5 /* DragCardContainer+Fix.swift */,
				BF7C1A7A271ECE2C00EA13F5 /* DragCardDirection.swift */,
			);
			path = Sources;
			sourceTree = "<group>";
		};
		D3055B5E5021178FD6BC01E2 /* Pods */ = {
			isa = PBXGroup;
			children = (
				700B2F66DB7D76130F011D7D /* Pods-DragCardContainer.debug.xcconfig */,
				2644428D5641402797AB892B /* Pods-DragCardContainer.release.xcconfig */,
			);
			path = Pods;
			sourceTree = "<group>";
		};
/* End PBXGroup section */

/* Begin PBXNativeTarget section */
		BF7C1A52271ECD5100EA13F5 /* DragCardContainer */ = {
			isa = PBXNativeTarget;
			buildConfigurationList = BF7C1A67271ECD5400EA13F5 /* Build configuration list for PBXNativeTarget "DragCardContainer" */;
			buildPhases = (
				D2678E62F5985DF9FD80C730 /* [CP] Check Pods Manifest.lock */,
				BF7C1A4F271ECD5100EA13F5 /* Sources */,
				BF7C1A50271ECD5100EA13F5 /* Frameworks */,
				BF7C1A51271ECD5100EA13F5 /* Resources */,
				0CEFC3D0259D8B8ECB2DF63A /* [CP] Embed Pods Frameworks */,
			);
			buildRules = (
			);
			dependencies = (
			);
			name = DragCardContainer;
			productName = DragCardContainer;
			productReference = BF7C1A53271ECD5100EA13F5 /* DragCardContainer.app */;
			productType = "com.apple.product-type.application";
		};
/* End PBXNativeTarget section */

/* Begin PBXProject section */
		BF7C1A4B271ECD5100EA13F5 /* Project object */ = {
			isa = PBXProject;
			attributes = {
				BuildIndependentTargetsInParallel = 1;
				LastSwiftUpdateCheck = 1300;
				LastUpgradeCheck = 1300;
				TargetAttributes = {
					BF7C1A52271ECD5100EA13F5 = {
						CreatedOnToolsVersion = 13.0;
					};
				};
			};
			buildConfigurationList = BF7C1A4E271ECD5100EA13F5 /* Build configuration list for PBXProject "DragCardContainer" */;
			compatibilityVersion = "Xcode 13.0";
			developmentRegion = en;
			hasScannedForEncodings = 0;
			knownRegions = (
				en,
				Base,
			);
			mainGroup = BF7C1A4A271ECD5100EA13F5;
			productRefGroup = BF7C1A54271ECD5100EA13F5 /* Products */;
			projectDirPath = "";
			projectRoot = "";
			targets = (
				BF7C1A52271ECD5100EA13F5 /* DragCardContainer */,
			);
		};
/* End PBXProject section */

/* Begin PBXResourcesBuildPhase section */
		BF7C1A51271ECD5100EA13F5 /* Resources */ = {
			isa = PBXResourcesBuildPhase;
			buildActionMask = 2147483647;
			files = (
				BF7C1A63271ECD5400EA13F5 /* LaunchScreen.storyboard in Resources */,
				BF7C1A60271ECD5400EA13F5 /* Assets.xcassets in Resources */,
				BF7C1A5E271ECD5100EA13F5 /* Main.storyboard in Resources */,
			);
			runOnlyForDeploymentPostprocessing = 0;
		};
/* End PBXResourcesBuildPhase section */

/* Begin PBXShellScriptBuildPhase section */
		0CEFC3D0259D8B8ECB2DF63A /* [CP] Embed Pods Frameworks */ = {
			isa = PBXShellScriptBuildPhase;
			buildActionMask = 2147483647;
			files = (
			);
			inputFileListPaths = (
				"${PODS_ROOT}/Target Support Files/Pods-DragCardContainer/Pods-DragCardContainer-frameworks-${CONFIGURATION}-input-files.xcfilelist",
			);
			name = "[CP] Embed Pods Frameworks";
			outputFileListPaths = (
				"${PODS_ROOT}/Target Support Files/Pods-DragCardContainer/Pods-DragCardContainer-frameworks-${CONFIGURATION}-output-files.xcfilelist",
			);
			runOnlyForDeploymentPostprocessing = 0;
			shellPath = /bin/sh;
			shellScript = "\"${PODS_ROOT}/Target Support Files/Pods-DragCardContainer/Pods-DragCardContainer-frameworks.sh\"\n";
			showEnvVarsInLog = 0;
		};
		D2678E62F5985DF9FD80C730 /* [CP] Check Pods Manifest.lock */ = {
			isa = PBXShellScriptBuildPhase;
			buildActionMask = 2147483647;
			files = (
			);
			inputFileListPaths = (
			);
			inputPaths = (
				"${PODS_PODFILE_DIR_PATH}/Podfile.lock",
				"${PODS_ROOT}/Manifest.lock",
			);
			name = "[CP] Check Pods Manifest.lock";
			outputFileListPaths = (
			);
			outputPaths = (
				"$(DERIVED_FILE_DIR)/Pods-DragCardContainer-checkManifestLockResult.txt",
			);
			runOnlyForDeploymentPostprocessing = 0;
			shellPath = /bin/sh;
			shellScript = "diff \"${PODS_PODFILE_DIR_PATH}/Podfile.lock\" \"${PODS_ROOT}/Manifest.lock\" > /dev/null\nif [ $? != 0 ] ; then\n    # print error to STDERR\n    echo \"error: The sandbox is not in sync with the Podfile.lock. Run 'pod install' or update your CocoaPods installation.\" >&2\n    exit 1\nfi\n# This output is used by Xcode 'outputs' to avoid re-running this script phase.\necho \"SUCCESS\" > \"${SCRIPT_OUTPUT_FILE_0}\"\n";
			showEnvVarsInLog = 0;
		};
/* End PBXShellScriptBuildPhase section */

/* Begin PBXSourcesBuildPhase section */
		BF7C1A4F271ECD5100EA13F5 /* Sources */ = {
			isa = PBXSourcesBuildPhase;
			buildActionMask = 2147483647;
			files = (
				BF7C1A82271ECE2C00EA13F5 /* DragCardCell.swift in Sources */,
				BF93F83A2721478200509746 /* FullFunctionViewController.swift in Sources */,
				BF95ABF1271FEA2B005EB63A /* DetailViewController.swift in Sources */,
				BF7C1A80271ECE2C00EA13F5 /* UIView+Extension.swift in Sources */,
				BF7C1A89271ECE2C00EA13F5 /* DragCardContainer+Fix.swift in Sources */,
				BF93F834272139F700509746 /* VerticalDragViewController.swift in Sources */,
				BF7C1A5B271ECD5100EA13F5 /* ViewController.swift in Sources */,
				BF7C1A85271ECE2C00EA13F5 /* DragCardContainer+PanGesture.swift in Sources */,
				BF7C1A84271ECE2C00EA13F5 /* DragCardContainer.swift in Sources */,
				85A81964271F085D00822E8C /* Model.swift in Sources */,
				BF95ABF5271FEE16005EB63A /* RegisterTable.swift in Sources */,
				BF7C1A8A271ECE2C00EA13F5 /* DragCardDirection.swift in Sources */,
				85A81966271F0B1A00822E8C /* HorizontalDragViewController.swift in Sources */,
				BF7C1A86271ECE2C00EA13F5 /* DragCardContainer+TapGesture.swift in Sources */,
				8543B20A272070BE0003AEFA /* NavigationController.swift in Sources */,
				BF93F83627213B0D00509746 /* CardCell.swift in Sources */,
				BF7C1A81271ECE2C00EA13F5 /* DragCardDelegate.swift in Sources */,
				BF93F8382721456600509746 /* InfiniteLoopDragViewController.swift in Sources */,
				BF7C1A88271ECE2C00EA13F5 /* DragCardDataSource.swift in Sources */,
				85A81968271F0B3800822E8C /* BaseViewController.swift in Sources */,
				BF7C1A57271ECD5100EA13F5 /* AppDelegate.swift in Sources */,
				BF7C1A83271ECE2C00EA13F5 /* DragCardCell+Extension.swift in Sources */,
				BF95ABF7271FEE7F005EB63A /* DragCardProperty.swift in Sources */,
			);
			runOnlyForDeploymentPostprocessing = 0;
		};
/* End PBXSourcesBuildPhase section */

/* Begin PBXVariantGroup section */
		BF7C1A5C271ECD5100EA13F5 /* Main.storyboard */ = {
			isa = PBXVariantGroup;
			children = (
				BF7C1A5D271ECD5100EA13F5 /* Base */,
			);
			name = Main.storyboard;
			sourceTree = "<group>";
		};
		BF7C1A61271ECD5400EA13F5 /* LaunchScreen.storyboard */ = {
			isa = PBXVariantGroup;
			children = (
				BF7C1A62271ECD5400EA13F5 /* Base */,
			);
			name = LaunchScreen.storyboard;
			sourceTree = "<group>";
		};
/* End PBXVariantGroup section */

/* Begin XCBuildConfiguration section */
		BF7C1A65271ECD5400EA13F5 /* Debug */ = {
			isa = XCBuildConfiguration;
			buildSettings = {
				ALWAYS_SEARCH_USER_PATHS = NO;
				CLANG_ANALYZER_NONNULL = YES;
				CLANG_ANALYZER_NUMBER_OBJECT_CONVERSION = YES_AGGRESSIVE;
				CLANG_CXX_LANGUAGE_STANDARD = "gnu++17";
				CLANG_CXX_LIBRARY = "libc++";
				CLANG_ENABLE_MODULES = YES;
				CLANG_ENABLE_OBJC_ARC = YES;
				CLANG_ENABLE_OBJC_WEAK = YES;
				CLANG_WARN_BLOCK_CAPTURE_AUTORELEASING = YES;
				CLANG_WARN_BOOL_CONVERSION = YES;
				CLANG_WARN_COMMA = YES;
				CLANG_WARN_CONSTANT_CONVERSION = YES;
				CLANG_WARN_DEPRECATED_OBJC_IMPLEMENTATIONS = YES;
				CLANG_WARN_DIRECT_OBJC_ISA_USAGE = YES_ERROR;
				CLANG_WARN_DOCUMENTATION_COMMENTS = YES;
				CLANG_WARN_EMPTY_BODY = YES;
				CLANG_WARN_ENUM_CONVERSION = YES;
				CLANG_WARN_INFINITE_RECURSION = YES;
				CLANG_WARN_INT_CONVERSION = YES;
				CLANG_WARN_NON_LITERAL_NULL_CONVERSION = YES;
				CLANG_WARN_OBJC_IMPLICIT_RETAIN_SELF = YES;
				CLANG_WARN_OBJC_LITERAL_CONVERSION = YES;
				CLANG_WARN_OBJC_ROOT_CLASS = YES_ERROR;
				CLANG_WARN_QUOTED_INCLUDE_IN_FRAMEWORK_HEADER = YES;
				CLANG_WARN_RANGE_LOOP_ANALYSIS = YES;
				CLANG_WARN_STRICT_PROTOTYPES = YES;
				CLANG_WARN_SUSPICIOUS_MOVE = YES;
				CLANG_WARN_UNGUARDED_AVAILABILITY = YES_AGGRESSIVE;
				CLANG_WARN_UNREACHABLE_CODE = YES;
				CLANG_WARN__DUPLICATE_METHOD_MATCH = YES;
				COPY_PHASE_STRIP = NO;
				DEBUG_INFORMATION_FORMAT = dwarf;
				ENABLE_STRICT_OBJC_MSGSEND = YES;
				ENABLE_TESTABILITY = YES;
				GCC_C_LANGUAGE_STANDARD = gnu11;
				GCC_DYNAMIC_NO_PIC = NO;
				GCC_NO_COMMON_BLOCKS = YES;
				GCC_OPTIMIZATION_LEVEL = 0;
				GCC_PREPROCESSOR_DEFINITIONS = (
					"DEBUG=1",
					"$(inherited)",
				);
				GCC_WARN_64_TO_32_BIT_CONVERSION = YES;
				GCC_WARN_ABOUT_RETURN_TYPE = YES_ERROR;
				GCC_WARN_UNDECLARED_SELECTOR = YES;
				GCC_WARN_UNINITIALIZED_AUTOS = YES_AGGRESSIVE;
				GCC_WARN_UNUSED_FUNCTION = YES;
				GCC_WARN_UNUSED_VARIABLE = YES;
				IPHONEOS_DEPLOYMENT_TARGET = 15.0;
				MTL_ENABLE_DEBUG_INFO = INCLUDE_SOURCE;
				MTL_FAST_MATH = YES;
				ONLY_ACTIVE_ARCH = YES;
				SDKROOT = iphoneos;
				SWIFT_ACTIVE_COMPILATION_CONDITIONS = DEBUG;
				SWIFT_OPTIMIZATION_LEVEL = "-Onone";
			};
			name = Debug;
		};
		BF7C1A66271ECD5400EA13F5 /* Release */ = {
			isa = XCBuildConfiguration;
			buildSettings = {
				ALWAYS_SEARCH_USER_PATHS = NO;
				CLANG_ANALYZER_NONNULL = YES;
				CLANG_ANALYZER_NUMBER_OBJECT_CONVERSION = YES_AGGRESSIVE;
				CLANG_CXX_LANGUAGE_STANDARD = "gnu++17";
				CLANG_CXX_LIBRARY = "libc++";
				CLANG_ENABLE_MODULES = YES;
				CLANG_ENABLE_OBJC_ARC = YES;
				CLANG_ENABLE_OBJC_WEAK = YES;
				CLANG_WARN_BLOCK_CAPTURE_AUTORELEASING = YES;
				CLANG_WARN_BOOL_CONVERSION = YES;
				CLANG_WARN_COMMA = YES;
				CLANG_WARN_CONSTANT_CONVERSION = YES;
				CLANG_WARN_DEPRECATED_OBJC_IMPLEMENTATIONS = YES;
				CLANG_WARN_DIRECT_OBJC_ISA_USAGE = YES_ERROR;
				CLANG_WARN_DOCUMENTATION_COMMENTS = YES;
				CLANG_WARN_EMPTY_BODY = YES;
				CLANG_WARN_ENUM_CONVERSION = YES;
				CLANG_WARN_INFINITE_RECURSION = YES;
				CLANG_WARN_INT_CONVERSION = YES;
				CLANG_WARN_NON_LITERAL_NULL_CONVERSION = YES;
				CLANG_WARN_OBJC_IMPLICIT_RETAIN_SELF = YES;
				CLANG_WARN_OBJC_LITERAL_CONVERSION = YES;
				CLANG_WARN_OBJC_ROOT_CLASS = YES_ERROR;
				CLANG_WARN_QUOTED_INCLUDE_IN_FRAMEWORK_HEADER = YES;
				CLANG_WARN_RANGE_LOOP_ANALYSIS = YES;
				CLANG_WARN_STRICT_PROTOTYPES = YES;
				CLANG_WARN_SUSPICIOUS_MOVE = YES;
				CLANG_WARN_UNGUARDED_AVAILABILITY = YES_AGGRESSIVE;
				CLANG_WARN_UNREACHABLE_CODE = YES;
				CLANG_WARN__DUPLICATE_METHOD_MATCH = YES;
				COPY_PHASE_STRIP = NO;
				DEBUG_INFORMATION_FORMAT = "dwarf-with-dsym";
				ENABLE_NS_ASSERTIONS = NO;
				ENABLE_STRICT_OBJC_MSGSEND = YES;
				GCC_C_LANGUAGE_STANDARD = gnu11;
				GCC_NO_COMMON_BLOCKS = YES;
				GCC_WARN_64_TO_32_BIT_CONVERSION = YES;
				GCC_WARN_ABOUT_RETURN_TYPE = YES_ERROR;
				GCC_WARN_UNDECLARED_SELECTOR = YES;
				GCC_WARN_UNINITIALIZED_AUTOS = YES_AGGRESSIVE;
				GCC_WARN_UNUSED_FUNCTION = YES;
				GCC_WARN_UNUSED_VARIABLE = YES;
				IPHONEOS_DEPLOYMENT_TARGET = 15.0;
				MTL_ENABLE_DEBUG_INFO = NO;
				MTL_FAST_MATH = YES;
				SDKROOT = iphoneos;
				SWIFT_COMPILATION_MODE = wholemodule;
				SWIFT_OPTIMIZATION_LEVEL = "-O";
				VALIDATE_PRODUCT = YES;
			};
			name = Release;
		};
		BF7C1A68271ECD5400EA13F5 /* Debug */ = {
			isa = XCBuildConfiguration;
			baseConfigurationReference = 700B2F66DB7D76130F011D7D /* Pods-DragCardContainer.debug.xcconfig */;
			buildSettings = {
				ASSETCATALOG_COMPILER_APPICON_NAME = AppIcon;
				ASSETCATALOG_COMPILER_GLOBAL_ACCENT_COLOR_NAME = AccentColor;
				CODE_SIGN_STYLE = Automatic;
				CURRENT_PROJECT_VERSION = 1;
				DEVELOPMENT_TEAM = 2E8NVCJR97;
				GENERATE_INFOPLIST_FILE = YES;
				INFOPLIST_FILE = DragCardContainer/Info.plist;
				INFOPLIST_KEY_UIApplicationSupportsIndirectInputEvents = YES;
				INFOPLIST_KEY_UILaunchStoryboardName = LaunchScreen;
				INFOPLIST_KEY_UIMainStoryboardFile = Main;
				INFOPLIST_KEY_UISupportedInterfaceOrientations = "UIInterfaceOrientationPortrait UIInterfaceOrientationLandscapeLeft UIInterfaceOrientationLandscapeRight";
				INFOPLIST_KEY_UISupportedInterfaceOrientations_iPad = "UIInterfaceOrientationPortrait UIInterfaceOrientationPortraitUpsideDown UIInterfaceOrientationLandscapeLeft UIInterfaceOrientationLandscapeRight";
				INFOPLIST_KEY_UISupportedInterfaceOrientations_iPhone = "UIInterfaceOrientationPortrait UIInterfaceOrientationLandscapeLeft UIInterfaceOrientationLandscapeRight";
				IPHONEOS_DEPLOYMENT_TARGET = 9.0;
				LD_RUNPATH_SEARCH_PATHS = (
					"$(inherited)",
					"@executable_path/Frameworks",
				);
				MARKETING_VERSION = 1.0;
				PRODUCT_BUNDLE_IDENTIFIER = com.galaxy.DragCardContainer;
				PRODUCT_NAME = "$(TARGET_NAME)";
				SWIFT_EMIT_LOC_STRINGS = YES;
				SWIFT_VERSION = 5.0;
				TARGETED_DEVICE_FAMILY = 1;
			};
			name = Debug;
		};
		BF7C1A69271ECD5400EA13F5 /* Release */ = {
			isa = XCBuildConfiguration;
			baseConfigurationReference = 2644428D5641402797AB892B /* Pods-DragCardContainer.release.xcconfig */;
			buildSettings = {
				ASSETCATALOG_COMPILER_APPICON_NAME = AppIcon;
				ASSETCATALOG_COMPILER_GLOBAL_ACCENT_COLOR_NAME = AccentColor;
				CODE_SIGN_STYLE = Automatic;
				CURRENT_PROJECT_VERSION = 1;
				DEVELOPMENT_TEAM = 2E8NVCJR97;
				GENERATE_INFOPLIST_FILE = YES;
				INFOPLIST_FILE = DragCardContainer/Info.plist;
				INFOPLIST_KEY_UIApplicationSupportsIndirectInputEvents = YES;
				INFOPLIST_KEY_UILaunchStoryboardName = LaunchScreen;
				INFOPLIST_KEY_UIMainStoryboardFile = Main;
				INFOPLIST_KEY_UISupportedInterfaceOrientations = "UIInterfaceOrientationPortrait UIInterfaceOrientationLandscapeLeft UIInterfaceOrientationLandscapeRight";
				INFOPLIST_KEY_UISupportedInterfaceOrientations_iPad = "UIInterfaceOrientationPortrait UIInterfaceOrientationPortraitUpsideDown UIInterfaceOrientationLandscapeLeft UIInterfaceOrientationLandscapeRight";
				INFOPLIST_KEY_UISupportedInterfaceOrientations_iPhone = "UIInterfaceOrientationPortrait UIInterfaceOrientationLandscapeLeft UIInterfaceOrientationLandscapeRight";
				IPHONEOS_DEPLOYMENT_TARGET = 9.0;
				LD_RUNPATH_SEARCH_PATHS = (
					"$(inherited)",
					"@executable_path/Frameworks",
				);
				MARKETING_VERSION = 1.0;
				PRODUCT_BUNDLE_IDENTIFIER = com.galaxy.DragCardContainer;
				PRODUCT_NAME = "$(TARGET_NAME)";
				SWIFT_EMIT_LOC_STRINGS = YES;
				SWIFT_VERSION = 5.0;
				TARGETED_DEVICE_FAMILY = 1;
			};
			name = Release;
		};
/* End XCBuildConfiguration section */

/* Begin XCConfigurationList section */
		BF7C1A4E271ECD5100EA13F5 /* Build configuration list for PBXProject "DragCardContainer" */ = {
			isa = XCConfigurationList;
			buildConfigurations = (
				BF7C1A65271ECD5400EA13F5 /* Debug */,
				BF7C1A66271ECD5400EA13F5 /* Release */,
			);
			defaultConfigurationIsVisible = 0;
			defaultConfigurationName = Release;
		};
		BF7C1A67271ECD5400EA13F5 /* Build configuration list for PBXNativeTarget "DragCardContainer" */ = {
			isa = XCConfigurationList;
			buildConfigurations = (
				BF7C1A68271ECD5400EA13F5 /* Debug */,
				BF7C1A69271ECD5400EA13F5 /* Release */,
			);
			defaultConfigurationIsVisible = 0;
			defaultConfigurationName = Release;
		};
/* End XCConfigurationList section */
	};
	rootObject = BF7C1A4B271ECD5100EA13F5 /* Project object */;
}
