// !$*UTF8*$!
{
	archiveVersion = 1;
	classes = {
	};
	objectVersion = 50;
	objects = {

/* Begin PBXBuildFile section */
		18A9304222BBA548000C0CED /* test.gif in Resources */ = {isa = PBXBuildFile; fileRef = 18A9304122BBA548000C0CED /* test.gif */; };
		EEF06C112296E948006946FE /* AppDelegate.m in Sources */ = {isa = PBXBuildFile; fileRef = EEF06C102296E948006946FE /* AppDelegate.m */; };
		EEF06C142296E948006946FE /* ViewController.m in Sources */ = {isa = PBXBuildFile; fileRef = EEF06C132296E948006946FE /* ViewController.m */; };
		EEF06C172296E948006946FE /* Main.storyboard in Resources */ = {isa = PBXBuildFile; fileRef = EEF06C152296E948006946FE /* Main.storyboard */; };
		EEF06C192296E949006946FE /* Assets.xcassets in Resources */ = {isa = PBXBuildFile; fileRef = EEF06C182296E949006946FE /* Assets.xcassets */; };
		EEF06C1C2296E949006946FE /* LaunchScreen.storyboard in Resources */ = {isa = PBXBuildFile; fileRef = EEF06C1A2296E949006946FE /* LaunchScreen.storyboard */; };
		EEF06C1F2296E949006946FE /* main.m in Sources */ = {isa = PBXBuildFile; fileRef = EEF06C1E2296E949006946FE /* main.m */; };
		EEF06C2A2296E991006946FE /* YHDragCardContainer.m in Sources */ = {isa = PBXBuildFile; fileRef = EEF06C262296E991006946FE /* YHDragCardContainer.m */; };
		EEF06C2B2296E991006946FE /* YHDragCardConfig.m in Sources */ = {isa = PBXBuildFile; fileRef = EEF06C292296E991006946FE /* YHDragCardConfig.m */; };
		EEF06C2E2296E9A6006946FE /* DrageCardViewController.m in Sources */ = {isa = PBXBuildFile; fileRef = EEF06C2D2296E9A6006946FE /* DrageCardViewController.m */; };
/* End PBXBuildFile section */

/* Begin PBXFileReference section */
		18A9304122BBA548000C0CED /* test.gif */ = {isa = PBXFileReference; lastKnownFileType = image.gif; path = test.gif; sourceTree = "<group>"; };
		EEF06C0C2296E948006946FE /* YHDragContainer.app */ = {isa = PBXFileReference; explicitFileType = wrapper.application; includeInIndex = 0; path = YHDragContainer.app; sourceTree = BUILT_PRODUCTS_DIR; };
		EEF06C0F2296E948006946FE /* AppDelegate.h */ = {isa = PBXFileReference; lastKnownFileType = sourcecode.c.h; path = AppDelegate.h; sourceTree = "<group>"; };
		EEF06C102296E948006946FE /* AppDelegate.m */ = {isa = PBXFileReference; lastKnownFileType = sourcecode.c.objc; path = AppDelegate.m; sourceTree = "<group>"; };
		EEF06C122296E948006946FE /* ViewController.h */ = {isa = PBXFileReference; lastKnownFileType = sourcecode.c.h; path = ViewController.h; sourceTree = "<group>"; };
		EEF06C132296E948006946FE /* ViewController.m */ = {isa = PBXFileReference; lastKnownFileType = sourcecode.c.objc; path = ViewController.m; sourceTree = "<group>"; };
		EEF06C162296E948006946FE /* Base */ = {isa = PBXFileReference; lastKnownFileType = file.storyboard; name = Base; path = Base.lproj/Main.storyboard; sourceTree = "<group>"; };
		EEF06C182296E949006946FE /* Assets.xcassets */ = {isa = PBXFileReference; lastKnownFileType = folder.assetcatalog; path = Assets.xcassets; sourceTree = "<group>"; };
		EEF06C1B2296E949006946FE /* Base */ = {isa = PBXFileReference; lastKnownFileType = file.storyboard; name = Base; path = Base.lproj/LaunchScreen.storyboard; sourceTree = "<group>"; };
		EEF06C1D2296E949006946FE /* Info.plist */ = {isa = PBXFileReference; lastKnownFileType = text.plist.xml; path = Info.plist; sourceTree = "<group>"; };
		EEF06C1E2296E949006946FE /* main.m */ = {isa = PBXFileReference; lastKnownFileType = sourcecode.c.objc; path = main.m; sourceTree = "<group>"; };
		EEF06C262296E991006946FE /* YHDragCardContainer.m */ = {isa = PBXFileReference; fileEncoding = 4; lastKnownFileType = sourcecode.c.objc; path = YHDragCardContainer.m; sourceTree = "<group>"; };
		EEF06C272296E991006946FE /* YHDragCardConfig.h */ = {isa = PBXFileReference; fileEncoding = 4; lastKnownFileType = sourcecode.c.h; path = YHDragCardConfig.h; sourceTree = "<group>"; };
		EEF06C282296E991006946FE /* YHDragCardContainer.h */ = {isa = PBXFileReference; fileEncoding = 4; lastKnownFileType = sourcecode.c.h; path = YHDragCardContainer.h; sourceTree = "<group>"; };
		EEF06C292296E991006946FE /* YHDragCardConfig.m */ = {isa = PBXFileReference; fileEncoding = 4; lastKnownFileType = sourcecode.c.objc; path = YHDragCardConfig.m; sourceTree = "<group>"; };
		EEF06C2C2296E9A6006946FE /* DrageCardViewController.h */ = {isa = PBXFileReference; lastKnownFileType = sourcecode.c.h; path = DrageCardViewController.h; sourceTree = "<group>"; };
		EEF06C2D2296E9A6006946FE /* DrageCardViewController.m */ = {isa = PBXFileReference; lastKnownFileType = sourcecode.c.objc; path = DrageCardViewController.m; sourceTree = "<group>"; };
/* End PBXFileReference section */

/* Begin PBXFrameworksBuildPhase section */
		EEF06C092296E948006946FE /* Frameworks */ = {
			isa = PBXFrameworksBuildPhase;
			buildActionMask = 2147483647;
			files = (
			);
			runOnlyForDeploymentPostprocessing = 0;
		};
/* End PBXFrameworksBuildPhase section */

/* Begin PBXGroup section */
		EEF06C032296E948006946FE = {
			isa = PBXGroup;
			children = (
				EEF06C0E2296E948006946FE /* YHDragContainer */,
				EEF06C0D2296E948006946FE /* Products */,
			);
			sourceTree = "<group>";
		};
		EEF06C0D2296E948006946FE /* Products */ = {
			isa = PBXGroup;
			children = (
				EEF06C0C2296E948006946FE /* YHDragContainer.app */,
			);
			name = Products;
			sourceTree = "<group>";
		};
		EEF06C0E2296E948006946FE /* YHDragContainer */ = {
			isa = PBXGroup;
			children = (
				EEF06C0F2296E948006946FE /* AppDelegate.h */,
				EEF06C102296E948006946FE /* AppDelegate.m */,
				EEF06C122296E948006946FE /* ViewController.h */,
				EEF06C132296E948006946FE /* ViewController.m */,
				EEF06C2C2296E9A6006946FE /* DrageCardViewController.h */,
				EEF06C2D2296E9A6006946FE /* DrageCardViewController.m */,
				EEF06C2F2296F10E006946FE /* GIF */,
				EEF06C252296E991006946FE /* DragCard */,
				EEF06C152296E948006946FE /* Main.storyboard */,
				EEF06C182296E949006946FE /* Assets.xcassets */,
				EEF06C1A2296E949006946FE /* LaunchScreen.storyboard */,
				EEF06C1D2296E949006946FE /* Info.plist */,
				EEF06C1E2296E949006946FE /* main.m */,
			);
			path = YHDragContainer;
			sourceTree = "<group>";
		};
		EEF06C252296E991006946FE /* DragCard */ = {
			isa = PBXGroup;
			children = (
				EEF06C282296E991006946FE /* YHDragCardContainer.h */,
				EEF06C262296E991006946FE /* YHDragCardContainer.m */,
				EEF06C272296E991006946FE /* YHDragCardConfig.h */,
				EEF06C292296E991006946FE /* YHDragCardConfig.m */,
			);
			path = DragCard;
			sourceTree = "<group>";
		};
		EEF06C2F2296F10E006946FE /* GIF */ = {
			isa = PBXGroup;
			children = (
				18A9304122BBA548000C0CED /* test.gif */,
			);
			path = GIF;
			sourceTree = "<group>";
		};
/* End PBXGroup section */

/* Begin PBXNativeTarget section */
		EEF06C0B2296E948006946FE /* YHDragContainer */ = {
			isa = PBXNativeTarget;
			buildConfigurationList = EEF06C222296E949006946FE /* Build configuration list for PBXNativeTarget "YHDragContainer" */;
			buildPhases = (
				EEF06C082296E948006946FE /* Sources */,
				EEF06C092296E948006946FE /* Frameworks */,
				EEF06C0A2296E948006946FE /* Resources */,
			);
			buildRules = (
			);
			dependencies = (
			);
			name = YHDragContainer;
			productName = YHDragContainer;
			productReference = EEF06C0C2296E948006946FE /* YHDragContainer.app */;
			productType = "com.apple.product-type.application";
		};
/* End PBXNativeTarget section */

/* Begin PBXProject section */
		EEF06C042296E948006946FE /* Project object */ = {
			isa = PBXProject;
			attributes = {
				LastUpgradeCheck = 1020;
				ORGANIZATIONNAME = yinhe;
				TargetAttributes = {
					EEF06C0B2296E948006946FE = {
						CreatedOnToolsVersion = 10.2.1;
					};
				};
			};
			buildConfigurationList = EEF06C072296E948006946FE /* Build configuration list for PBXProject "YHDragContainer" */;
			compatibilityVersion = "Xcode 9.3";
			developmentRegion = en;
			hasScannedForEncodings = 0;
			knownRegions = (
				en,
				Base,
			);
			mainGroup = EEF06C032296E948006946FE;
			productRefGroup = EEF06C0D2296E948006946FE /* Products */;
			projectDirPath = "";
			projectRoot = "";
			targets = (
				EEF06C0B2296E948006946FE /* YHDragContainer */,
			);
		};
/* End PBXProject section */

/* Begin PBXResourcesBuildPhase section */
		EEF06C0A2296E948006946FE /* Resources */ = {
			isa = PBXResourcesBuildPhase;
			buildActionMask = 2147483647;
			files = (
				18A9304222BBA548000C0CED /* test.gif in Resources */,
				EEF06C1C2296E949006946FE /* LaunchScreen.storyboard in Resources */,
				EEF06C192296E949006946FE /* Assets.xcassets in Resources */,
				EEF06C172296E948006946FE /* Main.storyboard in Resources */,
			);
			runOnlyForDeploymentPostprocessing = 0;
		};
/* End PBXResourcesBuildPhase section */

/* Begin PBXSourcesBuildPhase section */
		EEF06C082296E948006946FE /* Sources */ = {
			isa = PBXSourcesBuildPhase;
			buildActionMask = 2147483647;
			files = (
				EEF06C2A2296E991006946FE /* YHDragCardContainer.m in Sources */,
				EEF06C142296E948006946FE /* ViewController.m in Sources */,
				EEF06C2B2296E991006946FE /* YHDragCardConfig.m in Sources */,
				EEF06C1F2296E949006946FE /* main.m in Sources */,
				EEF06C2E2296E9A6006946FE /* DrageCardViewController.m in Sources */,
				EEF06C112296E948006946FE /* AppDelegate.m in Sources */,
			);
			runOnlyForDeploymentPostprocessing = 0;
		};
/* End PBXSourcesBuildPhase section */

/* Begin PBXVariantGroup section */
		EEF06C152296E948006946FE /* Main.storyboard */ = {
			isa = PBXVariantGroup;
			children = (
				EEF06C162296E948006946FE /* Base */,
			);
			name = Main.storyboard;
			sourceTree = "<group>";
		};
		EEF06C1A2296E949006946FE /* LaunchScreen.storyboard */ = {
			isa = PBXVariantGroup;
			children = (
				EEF06C1B2296E949006946FE /* Base */,
			);
			name = LaunchScreen.storyboard;
			sourceTree = "<group>";
		};
/* End PBXVariantGroup section */

/* Begin XCBuildConfiguration section */
		EEF06C202296E949006946FE /* Debug */ = {
			isa = XCBuildConfiguration;
			buildSettings = {
				ALWAYS_SEARCH_USER_PATHS = NO;
				CLANG_ANALYZER_NONNULL = YES;
				CLANG_ANALYZER_NUMBER_OBJECT_CONVERSION = YES_AGGRESSIVE;
				CLANG_CXX_LANGUAGE_STANDARD = "gnu++14";
				CLANG_CXX_LIBRARY = "libc++";
				CLANG_ENABLE_MODULES = YES;
				CLANG_ENABLE_OBJC_ARC = YES;
				CLANG_ENABLE_OBJC_WEAK = YES;
				CLANG_WARN_BLOCK_CAPTURE_AUTORELEASING = YES;
				CLANG_WARN_BOOL_CONVERSION = YES;
				CLANG_WARN_COMMA = YES;
				CLANG_WARN_CONSTANT_CONVERSION = YES;
				CLANG_WARN_DEPRECATED_OBJC_IMPLEMENTATIONS = YES;
				CLANG_WARN_DIRECT_OBJC_ISA_USAGE = YES_ERROR;
				CLANG_WARN_DOCUMENTATION_COMMENTS = YES;
				CLANG_WARN_EMPTY_BODY = YES;
				CLANG_WARN_ENUM_CONVERSION = YES;
				CLANG_WARN_INFINITE_RECURSION = YES;
				CLANG_WARN_INT_CONVERSION = YES;
				CLANG_WARN_NON_LITERAL_NULL_CONVERSION = YES;
				CLANG_WARN_OBJC_IMPLICIT_RETAIN_SELF = YES;
				CLANG_WARN_OBJC_LITERAL_CONVERSION = YES;
				CLANG_WARN_OBJC_ROOT_CLASS = YES_ERROR;
				CLANG_WARN_RANGE_LOOP_ANALYSIS = YES;
				CLANG_WARN_STRICT_PROTOTYPES = YES;
				CLANG_WARN_SUSPICIOUS_MOVE = YES;
				CLANG_WARN_UNGUARDED_AVAILABILITY = YES_AGGRESSIVE;
				CLANG_WARN_UNREACHABLE_CODE = YES;
				CLANG_WARN__DUPLICATE_METHOD_MATCH = YES;
				CODE_SIGN_IDENTITY = "iPhone Developer";
				COPY_PHASE_STRIP = NO;
				DEBUG_INFORMATION_FORMAT = dwarf;
				ENABLE_STRICT_OBJC_MSGSEND = YES;
				ENABLE_TESTABILITY = YES;
				GCC_C_LANGUAGE_STANDARD = gnu11;
				GCC_DYNAMIC_NO_PIC = NO;
				GCC_NO_COMMON_BLOCKS = YES;
				GCC_OPTIMIZATION_LEVEL = 0;
				GCC_PREPROCESSOR_DEFINITIONS = (
					"DEBUG=1",
					"$(inherited)",
				);
				GCC_WARN_64_TO_32_BIT_CONVERSION = YES;
				GCC_WARN_ABOUT_RETURN_TYPE = YES_ERROR;
				GCC_WARN_UNDECLARED_SELECTOR = YES;
				GCC_WARN_UNINITIALIZED_AUTOS = YES_AGGRESSIVE;
				GCC_WARN_UNUSED_FUNCTION = YES;
				GCC_WARN_UNUSED_VARIABLE = YES;
				IPHONEOS_DEPLOYMENT_TARGET = 12.2;
				MTL_ENABLE_DEBUG_INFO = INCLUDE_SOURCE;
				MTL_FAST_MATH = YES;
				ONLY_ACTIVE_ARCH = YES;
				SDKROOT = iphoneos;
			};
			name = Debug;
		};
		EEF06C212296E949006946FE /* Release */ = {
			isa = XCBuildConfiguration;
			buildSettings = {
				ALWAYS_SEARCH_USER_PATHS = NO;
				CLANG_ANALYZER_NONNULL = YES;
				CLANG_ANALYZER_NUMBER_OBJECT_CONVERSION = YES_AGGRESSIVE;
				CLANG_CXX_LANGUAGE_STANDARD = "gnu++14";
				CLANG_CXX_LIBRARY = "libc++";
				CLANG_ENABLE_MODULES = YES;
				CLANG_ENABLE_OBJC_ARC = YES;
				CLANG_ENABLE_OBJC_WEAK = YES;
				CLANG_WARN_BLOCK_CAPTURE_AUTORELEASING = YES;
				CLANG_WARN_BOOL_CONVERSION = YES;
				CLANG_WARN_COMMA = YES;
				CLANG_WARN_CONSTANT_CONVERSION = YES;
				CLANG_WARN_DEPRECATED_OBJC_IMPLEMENTATIONS = YES;
				CLANG_WARN_DIRECT_OBJC_ISA_USAGE = YES_ERROR;
				CLANG_WARN_DOCUMENTATION_COMMENTS = YES;
				CLANG_WARN_EMPTY_BODY = YES;
				CLANG_WARN_ENUM_CONVERSION = YES;
				CLANG_WARN_INFINITE_RECURSION = YES;
				CLANG_WARN_INT_CONVERSION = YES;
				CLANG_WARN_NON_LITERAL_NULL_CONVERSION = YES;
				CLANG_WARN_OBJC_IMPLICIT_RETAIN_SELF = YES;
				CLANG_WARN_OBJC_LITERAL_CONVERSION = YES;
				CLANG_WARN_OBJC_ROOT_CLASS = YES_ERROR;
				CLANG_WARN_RANGE_LOOP_ANALYSIS = YES;
				CLANG_WARN_STRICT_PROTOTYPES = YES;
				CLANG_WARN_SUSPICIOUS_MOVE = YES;
				CLANG_WARN_UNGUARDED_AVAILABILITY = YES_AGGRESSIVE;
				CLANG_WARN_UNREACHABLE_CODE = YES;
				CLANG_WARN__DUPLICATE_METHOD_MATCH = YES;
				CODE_SIGN_IDENTITY = "iPhone Developer";
				COPY_PHASE_STRIP = NO;
				DEBUG_INFORMATION_FORMAT = "dwarf-with-dsym";
				ENABLE_NS_ASSERTIONS = NO;
				ENABLE_STRICT_OBJC_MSGSEND = YES;
				GCC_C_LANGUAGE_STANDARD = gnu11;
				GCC_NO_COMMON_BLOCKS = YES;
				GCC_WARN_64_TO_32_BIT_CONVERSION = YES;
				GCC_WARN_ABOUT_RETURN_TYPE = YES_ERROR;
				GCC_WARN_UNDECLARED_SELECTOR = YES;
				GCC_WARN_UNINITIALIZED_AUTOS = YES_AGGRESSIVE;
				GCC_WARN_UNUSED_FUNCTION = YES;
				GCC_WARN_UNUSED_VARIABLE = YES;
				IPHONEOS_DEPLOYMENT_TARGET = 12.2;
				MTL_ENABLE_DEBUG_INFO = NO;
				MTL_FAST_MATH = YES;
				SDKROOT = iphoneos;
				VALIDATE_PRODUCT = YES;
			};
			name = Release;
		};
		EEF06C232296E949006946FE /* Debug */ = {
			isa = XCBuildConfiguration;
			buildSettings = {
				ASSETCATALOG_COMPILER_APPICON_NAME = AppIcon;
				CODE_SIGN_STYLE = Automatic;
				DEVELOPMENT_TEAM = 2E8NVCJR97;
				INFOPLIST_FILE = YHDragContainer/Info.plist;
				IPHONEOS_DEPLOYMENT_TARGET = 9.0;
				LD_RUNPATH_SEARCH_PATHS = (
					"$(inherited)",
					"@executable_path/Frameworks",
				);
				PRODUCT_BUNDLE_IDENTIFIER = com.yinhe.YHDragContainer;
				PRODUCT_NAME = "$(TARGET_NAME)";
				TARGETED_DEVICE_FAMILY = "1,2";
			};
			name = Debug;
		};
		EEF06C242296E949006946FE /* Release */ = {
			isa = XCBuildConfiguration;
			buildSettings = {
				ASSETCATALOG_COMPILER_APPICON_NAME = AppIcon;
				CODE_SIGN_STYLE = Automatic;
				DEVELOPMENT_TEAM = 2E8NVCJR97;
				INFOPLIST_FILE = YHDragContainer/Info.plist;
				IPHONEOS_DEPLOYMENT_TARGET = 9.0;
				LD_RUNPATH_SEARCH_PATHS = (
					"$(inherited)",
					"@executable_path/Frameworks",
				);
				PRODUCT_BUNDLE_IDENTIFIER = com.yinhe.YHDragContainer;
				PRODUCT_NAME = "$(TARGET_NAME)";
				TARGETED_DEVICE_FAMILY = "1,2";
			};
			name = Release;
		};
/* End XCBuildConfiguration section */

/* Begin XCConfigurationList section */
		EEF06C072296E948006946FE /* Build configuration list for PBXProject "YHDragContainer" */ = {
			isa = XCConfigurationList;
			buildConfigurations = (
				EEF06C202296E949006946FE /* Debug */,
				EEF06C212296E949006946FE /* Release */,
			);
			defaultConfigurationIsVisible = 0;
			defaultConfigurationName = Release;
		};
		EEF06C222296E949006946FE /* Build configuration list for PBXNativeTarget "YHDragContainer" */ = {
			isa = XCConfigurationList;
			buildConfigurations = (
				EEF06C232296E949006946FE /* Debug */,
				EEF06C242296E949006946FE /* Release */,
			);
			defaultConfigurationIsVisible = 0;
			defaultConfigurationName = Release;
		};
/* End XCConfigurationList section */
	};
	rootObject = EEF06C042296E948006946FE /* Project object */;
}
